
Microsoft Visual Studio Solution File, Format Version 12.00
# Visual Studio Version 17
VisualStudioVersion = 17.0.32112.339
MinimumVisualStudioVersion = 10.0.40219.1
Project("{9A19103F-16F7-4668-BE54-9A1E7A4F7556}") = "ReportingMachineFailures", "Reporting-Machine-Failures\ReportingMachineFailures.csproj", "{FA70D2B4-3DC6-43B6-B95E-A7A5DE23B8EA}"
EndProject
Global
	GlobalSection(SolutionConfigurationPlatforms) = preSolution
		Debug|Any CPU = Debug|Any CPU
		Release|Any CPU = Release|Any CPU
	EndGlobalSection
	GlobalSection(ProjectConfigurationPlatforms) = postSolution
		{FA70D2B4-3DC6-43B6-B95E-A7A5DE23B8EA}.Debug|Any CPU.ActiveCfg = Debug|Any CPU
		{FA70D2B4-3DC6-43B6-B95E-A7A5DE23B8EA}.Debug|Any CPU.Build.0 = Debug|Any CPU
		{FA70D2B4-3DC6-43B6-B95E-A7A5DE23B8EA}.Release|Any CPU.ActiveCfg = Release|Any CPU
		{FA70D2B4-3DC6-43B6-B95E-A7A5DE23B8EA}.Release|Any CPU.Build.0 = Release|Any CPU
	EndGlobalSection
	GlobalSection(SolutionProperties) = preSolution
		HideSolutionNode = FALSE
	EndGlobalSection
	GlobalSection(ExtensibilityGlobals) = postSolution
		SolutionGuid = {B1BBEE4A-1F6F-4B04-A468-CC991B69BD90}
	EndGlobalSection
EndGlobal
